
Microsoft Visual Studio Solution File, Format Version 12.00
# Visual Studio Version 17
VisualStudioVersion = 17.5.002.0
MinimumVisualStudioVersion = 10.0.40219.1
Project("{2150E333-8FDC-42A3-9474-1A3956D46DE8}") = "csharp-prep", "csharp-prep", "{030363F2-6467-4A39-AD8A-D23A37A6D06E}"
EndProject
Project("{9A19103F-16F7-4668-BE54-9A1E7A4F7556}") = "Prep1", "csharp-prep\Prep1\Prep1.csproj", "{1F1251A5-0019-44A1-ADB1-435AE8E76FE1}"
EndProject
Project("{9A19103F-16F7-4668-BE54-9A1E7A4F7556}") = "Prep2", "csharp-prep\Prep2\Prep2.csproj", "{76D682D0-3DC2-4E40-81AE-06098D2BDC51}"
EndProject
Project("{9A19103F-16F7-4668-BE54-9A1E7A4F7556}") = "Prep3", "csharp-prep\Prep3\Prep3.csproj", "{9938ACD7-1819-49DF-A88E-864246D675BE}"
EndProject
Project("{9A19103F-16F7-4668-BE54-9A1E7A4F7556}") = "Prep4", "csharp-prep\Prep4\Prep4.csproj", "{51055F44-4EDF-411A-8817-C249BB46F284}"
EndProject
Project("{9A19103F-16F7-4668-BE54-9A1E7A4F7556}") = "Prep5", "csharp-prep\Prep5\Prep5.csproj", "{9614C41E-9F0B-4870-A667-F4DD90EF60EA}"
EndProject
Project("{2150E333-8FDC-42A3-9474-1A3956D46DE8}") = "final", "final", "{B038080D-7946-4480-BB5B-79B363505C03}"
EndProject
Project("{9A19103F-16F7-4668-BE54-9A1E7A4F7556}") = "FinalProject", "final\FinalProject\FinalProject.csproj", "{2E72B6EF-2628-4A0B-8464-7278F038416D}"
EndProject
Project("{9A19103F-16F7-4668-BE54-9A1E7A4F7556}") = "Foundation1", "final\Foundation1\Foundation1.csproj", "{496AE006-6C90-4126-BF9A-12BFBE28C650}"
EndProject
Project("{9A19103F-16F7-4668-BE54-9A1E7A4F7556}") = "Foundation2", "final\Foundation2\Foundation2.csproj", "{AB6282A0-E576-4FC3-81D9-12653B511F6B}"
EndProject
Project("{9A19103F-16F7-4668-BE54-9A1E7A4F7556}") = "Foundation3", "final\Foundation3\Foundation3.csproj", "{AF853FDB-7899-4644-86B6-BA9C96F470D9}"
EndProject
Project("{9A19103F-16F7-4668-BE54-9A1E7A4F7556}") = "Foundation4", "final\Foundation4\Foundation4.csproj", "{B2964BA0-D24E-493C-BADB-07BD61857E50}"
EndProject
Project("{2150E333-8FDC-42A3-9474-1A3956D46DE8}") = "prepare", "prepare", "{3CF550C5-436E-446E-BCE6-1D20AB24FB14}"
EndProject
Project("{9A19103F-16F7-4668-BE54-9A1E7A4F7556}") = "Learning02", "prepare\Learning02\Learning02.csproj", "{FEFB234C-20D5-466A-9EDE-0898C543DB7D}"
EndProject
Project("{9A19103F-16F7-4668-BE54-9A1E7A4F7556}") = "Learning03", "prepare\Learning03\Learning03.csproj", "{E9E8912C-47F2-4C36-BBF0-429C8C243F1C}"
EndProject
Project("{9A19103F-16F7-4668-BE54-9A1E7A4F7556}") = "Learning04", "prepare\Learning04\Learning04.csproj", "{B8425B1B-7F3D-4108-8EEC-447872C8D65C}"
EndProject
Project("{9A19103F-16F7-4668-BE54-9A1E7A4F7556}") = "Learning05", "prepare\Learning05\Learning05.csproj", "{A7490D9D-F73D-4BBA-A173-B8D7EF3401E2}"
EndProject
Project("{2150E333-8FDC-42A3-9474-1A3956D46DE8}") = "prove", "prove", "{E897A8B8-6EA9-4401-BBD7-8CBB3825E2EC}"
EndProject
Project("{9A19103F-16F7-4668-BE54-9A1E7A4F7556}") = "Develop02", "prove\Develop02\Develop02.csproj", "{8539E16E-99FD-4988-B348-054D2037C4BC}"
EndProject
Project("{9A19103F-16F7-4668-BE54-9A1E7A4F7556}") = "Develop03", "prove\Develop03\Develop03.csproj", "{2A3BF0A8-16E7-4275-B6B8-A84E1C567372}"
EndProject
Project("{9A19103F-16F7-4668-BE54-9A1E7A4F7556}") = "Develop04", "prove\Develop04\Develop04.csproj", "{A9A2A760-F6AB-4739-BDED-028DF7BEDDBE}"
EndProject
Project("{9A19103F-16F7-4668-BE54-9A1E7A4F7556}") = "Develop05", "prove\Develop05\Develop05.csproj", "{55FEEEDC-4BFF-4EB1-BB7D-BBD64076F5C0}"
EndProject
Project("{2150E333-8FDC-42A3-9474-1A3956D46DE8}") = "sandbox", "sandbox", "{5BAD27BC-A85D-4BB4-8CB5-3168CD3F213A}"
EndProject
Project("{9A19103F-16F7-4668-BE54-9A1E7A4F7556}") = "Sandbox", "sandbox\Sandbox\Sandbox.csproj", "{4C23B03C-C32A-46E8-9BA2-DC0F67BF0EB8}"
EndProject
Global
	GlobalSection(SolutionConfigurationPlatforms) = preSolution
		Debug|Any CPU = Debug|Any CPU
		Release|Any CPU = Release|Any CPU
	EndGlobalSection
	GlobalSection(ProjectConfigurationPlatforms) = postSolution
		{1F1251A5-0019-44A1-ADB1-435AE8E76FE1}.Debug|Any CPU.ActiveCfg = Debug|Any CPU
		{1F1251A5-0019-44A1-ADB1-435AE8E76FE1}.Debug|Any CPU.Build.0 = Debug|Any CPU
		{1F1251A5-0019-44A1-ADB1-435AE8E76FE1}.Release|Any CPU.ActiveCfg = Release|Any CPU
		{1F1251A5-0019-44A1-ADB1-435AE8E76FE1}.Release|Any CPU.Build.0 = Release|Any CPU
		{76D682D0-3DC2-4E40-81AE-06098D2BDC51}.Debug|Any CPU.ActiveCfg = Debug|Any CPU
		{76D682D0-3DC2-4E40-81AE-06098D2BDC51}.Debug|Any CPU.Build.0 = Debug|Any CPU
		{76D682D0-3DC2-4E40-81AE-06098D2BDC51}.Release|Any CPU.ActiveCfg = Release|Any CPU
		{76D682D0-3DC2-4E40-81AE-06098D2BDC51}.Release|Any CPU.Build.0 = Release|Any CPU
		{9938ACD7-1819-49DF-A88E-864246D675BE}.Debug|Any CPU.ActiveCfg = Debug|Any CPU
		{9938ACD7-1819-49DF-A88E-864246D675BE}.Debug|Any CPU.Build.0 = Debug|Any CPU
		{9938ACD7-1819-49DF-A88E-864246D675BE}.Release|Any CPU.ActiveCfg = Release|Any CPU
		{9938ACD7-1819-49DF-A88E-864246D675BE}.Release|Any CPU.Build.0 = Release|Any CPU
		{51055F44-4EDF-411A-8817-C249BB46F284}.Debug|Any CPU.ActiveCfg = Debug|Any CPU
		{51055F44-4EDF-411A-8817-C249BB46F284}.Debug|Any CPU.Build.0 = Debug|Any CPU
		{51055F44-4EDF-411A-8817-C249BB46F284}.Release|Any CPU.ActiveCfg = Release|Any CPU
		{51055F44-4EDF-411A-8817-C249BB46F284}.Release|Any CPU.Build.0 = Release|Any CPU
		{9614C41E-9F0B-4870-A667-F4DD90EF60EA}.Debug|Any CPU.ActiveCfg = Debug|Any CPU
		{9614C41E-9F0B-4870-A667-F4DD90EF60EA}.Debug|Any CPU.Build.0 = Debug|Any CPU
		{9614C41E-9F0B-4870-A667-F4DD90EF60EA}.Release|Any CPU.ActiveCfg = Release|Any CPU
		{9614C41E-9F0B-4870-A667-F4DD90EF60EA}.Release|Any CPU.Build.0 = Release|Any CPU
		{2E72B6EF-2628-4A0B-8464-7278F038416D}.Debug|Any CPU.ActiveCfg = Debug|Any CPU
		{2E72B6EF-2628-4A0B-8464-7278F038416D}.Debug|Any CPU.Build.0 = Debug|Any CPU
		{2E72B6EF-2628-4A0B-8464-7278F038416D}.Release|Any CPU.ActiveCfg = Release|Any CPU
		{2E72B6EF-2628-4A0B-8464-7278F038416D}.Release|Any CPU.Build.0 = Release|Any CPU
		{496AE006-6C90-4126-BF9A-12BFBE28C650}.Debug|Any CPU.ActiveCfg = Debug|Any CPU
		{496AE006-6C90-4126-BF9A-12BFBE28C650}.Debug|Any CPU.Build.0 = Debug|Any CPU
		{496AE006-6C90-4126-BF9A-12BFBE28C650}.Release|Any CPU.ActiveCfg = Release|Any CPU
		{496AE006-6C90-4126-BF9A-12BFBE28C650}.Release|Any CPU.Build.0 = Release|Any CPU
		{AB6282A0-E576-4FC3-81D9-12653B511F6B}.Debug|Any CPU.ActiveCfg = Debug|Any CPU
		{AB6282A0-E576-4FC3-81D9-12653B511F6B}.Debug|Any CPU.Build.0 = Debug|Any CPU
		{AB6282A0-E576-4FC3-81D9-12653B511F6B}.Release|Any CPU.ActiveCfg = Release|Any CPU
		{AB6282A0-E576-4FC3-81D9-12653B511F6B}.Release|Any CPU.Build.0 = Release|Any CPU
		{AF853FDB-7899-4644-86B6-BA9C96F470D9}.Debug|Any CPU.ActiveCfg = Debug|Any CPU
		{AF853FDB-7899-4644-86B6-BA9C96F470D9}.Debug|Any CPU.Build.0 = Debug|Any CPU
		{AF853FDB-7899-4644-86B6-BA9C96F470D9}.Release|Any CPU.ActiveCfg = Release|Any CPU
		{AF853FDB-7899-4644-86B6-BA9C96F470D9}.Release|Any CPU.Build.0 = Release|Any CPU
		{B2964BA0-D24E-493C-BADB-07BD61857E50}.Debug|Any CPU.ActiveCfg = Debug|Any CPU
		{B2964BA0-D24E-493C-BADB-07BD61857E50}.Debug|Any CPU.Build.0 = Debug|Any CPU
		{B2964BA0-D24E-493C-BADB-07BD61857E50}.Release|Any CPU.ActiveCfg = Release|Any CPU
		{B2964BA0-D24E-493C-BADB-07BD61857E50}.Release|Any CPU.Build.0 = Release|Any CPU
		{FEFB234C-20D5-466A-9EDE-0898C543DB7D}.Debug|Any CPU.ActiveCfg = Debug|Any CPU
		{FEFB234C-20D5-466A-9EDE-0898C543DB7D}.Debug|Any CPU.Build.0 = Debug|Any CPU
		{FEFB234C-20D5-466A-9EDE-0898C543DB7D}.Release|Any CPU.ActiveCfg = Release|Any CPU
		{FEFB234C-20D5-466A-9EDE-0898C543DB7D}.Release|Any CPU.Build.0 = Release|Any CPU
		{E9E8912C-47F2-4C36-BBF0-429C8C243F1C}.Debug|Any CPU.ActiveCfg = Debug|Any CPU
		{E9E8912C-47F2-4C36-BBF0-429C8C243F1C}.Debug|Any CPU.Build.0 = Debug|Any CPU
		{E9E8912C-47F2-4C36-BBF0-429C8C243F1C}.Release|Any CPU.ActiveCfg = Release|Any CPU
		{E9E8912C-47F2-4C36-BBF0-429C8C243F1C}.Release|Any CPU.Build.0 = Release|Any CPU
		{B8425B1B-7F3D-4108-8EEC-447872C8D65C}.Debug|Any CPU.ActiveCfg = Debug|Any CPU
		{B8425B1B-7F3D-4108-8EEC-447872C8D65C}.Debug|Any CPU.Build.0 = Debug|Any CPU
		{B8425B1B-7F3D-4108-8EEC-447872C8D65C}.Release|Any CPU.ActiveCfg = Release|Any CPU
		{B8425B1B-7F3D-4108-8EEC-447872C8D65C}.Release|Any CPU.Build.0 = Release|Any CPU
		{A7490D9D-F73D-4BBA-A173-B8D7EF3401E2}.Debug|Any CPU.ActiveCfg = Debug|Any CPU
		{A7490D9D-F73D-4BBA-A173-B8D7EF3401E2}.Debug|Any CPU.Build.0 = Debug|Any CPU
		{A7490D9D-F73D-4BBA-A173-B8D7EF3401E2}.Release|Any CPU.ActiveCfg = Release|Any CPU
		{A7490D9D-F73D-4BBA-A173-B8D7EF3401E2}.Release|Any CPU.Build.0 = Release|Any CPU
		{8539E16E-99FD-4988-B348-054D2037C4BC}.Debug|Any CPU.ActiveCfg = Debug|Any CPU
		{8539E16E-99FD-4988-B348-054D2037C4BC}.Debug|Any CPU.Build.0 = Debug|Any CPU
		{8539E16E-99FD-4988-B348-054D2037C4BC}.Release|Any CPU.ActiveCfg = Release|Any CPU
		{8539E16E-99FD-4988-B348-054D2037C4BC}.Release|Any CPU.Build.0 = Release|Any CPU
		{2A3BF0A8-16E7-4275-B6B8-A84E1C567372}.Debug|Any CPU.ActiveCfg = Debug|Any CPU
		{2A3BF0A8-16E7-4275-B6B8-A84E1C567372}.Debug|Any CPU.Build.0 = Debug|Any CPU
		{2A3BF0A8-16E7-4275-B6B8-A84E1C567372}.Release|Any CPU.ActiveCfg = Release|Any CPU
		{2A3BF0A8-16E7-4275-B6B8-A84E1C567372}.Release|Any CPU.Build.0 = Release|Any CPU
		{A9A2A760-F6AB-4739-BDED-028DF7BEDDBE}.Debug|Any CPU.ActiveCfg = Debug|Any CPU
		{A9A2A760-F6AB-4739-BDED-028DF7BEDDBE}.Debug|Any CPU.Build.0 = Debug|Any CPU
		{A9A2A760-F6AB-4739-BDED-028DF7BEDDBE}.Release|Any CPU.ActiveCfg = Release|Any CPU
		{A9A2A760-F6AB-4739-BDED-028DF7BEDDBE}.Release|Any CPU.Build.0 = Release|Any CPU
		{55FEEEDC-4BFF-4EB1-BB7D-BBD64076F5C0}.Debug|Any CPU.ActiveCfg = Debug|Any CPU
		{55FEEEDC-4BFF-4EB1-BB7D-BBD64076F5C0}.Debug|Any CPU.Build.0 = Debug|Any CPU
		{55FEEEDC-4BFF-4EB1-BB7D-BBD64076F5C0}.Release|Any CPU.ActiveCfg = Release|Any CPU
		{55FEEEDC-4BFF-4EB1-BB7D-BBD64076F5C0}.Release|Any CPU.Build.0 = Release|Any CPU
		{4C23B03C-C32A-46E8-9BA2-DC0F67BF0EB8}.Debug|Any CPU.ActiveCfg = Debug|Any CPU
		{4C23B03C-C32A-46E8-9BA2-DC0F67BF0EB8}.Debug|Any CPU.Build.0 = Debug|Any CPU
		{4C23B03C-C32A-46E8-9BA2-DC0F67BF0EB8}.Release|Any CPU.ActiveCfg = Release|Any CPU
		{4C23B03C-C32A-46E8-9BA2-DC0F67BF0EB8}.Release|Any CPU.Build.0 = Release|Any CPU
	EndGlobalSection
	GlobalSection(SolutionProperties) = preSolution
		HideSolutionNode = FALSE
	EndGlobalSection
	GlobalSection(NestedProjects) = preSolution
		{1F1251A5-0019-44A1-ADB1-435AE8E76FE1} = {030363F2-6467-4A39-AD8A-D23A37A6D06E}
		{76D682D0-3DC2-4E40-81AE-06098D2BDC51} = {030363F2-6467-4A39-AD8A-D23A37A6D06E}
		{9938ACD7-1819-49DF-A88E-864246D675BE} = {030363F2-6467-4A39-AD8A-D23A37A6D06E}
		{51055F44-4EDF-411A-8817-C249BB46F284} = {030363F2-6467-4A39-AD8A-D23A37A6D06E}
		{9614C41E-9F0B-4870-A667-F4DD90EF60EA} = {030363F2-6467-4A39-AD8A-D23A37A6D06E}
		{2E72B6EF-2628-4A0B-8464-7278F038416D} = {B038080D-7946-4480-BB5B-79B363505C03}
		{496AE006-6C90-4126-BF9A-12BFBE28C650} = {B038080D-7946-4480-BB5B-79B363505C03}
		{AB6282A0-E576-4FC3-81D9-12653B511F6B} = {B038080D-7946-4480-BB5B-79B363505C03}
		{AF853FDB-7899-4644-86B6-BA9C96F470D9} = {B038080D-7946-4480-BB5B-79B363505C03}
		{B2964BA0-D24E-493C-BADB-07BD61857E50} = {B038080D-7946-4480-BB5B-79B363505C03}
		{FEFB234C-20D5-466A-9EDE-0898C543DB7D} = {3CF550C5-436E-446E-BCE6-1D20AB24FB14}
		{E9E8912C-47F2-4C36-BBF0-429C8C243F1C} = {3CF550C5-436E-446E-BCE6-1D20AB24FB14}
		{B8425B1B-7F3D-4108-8EEC-447872C8D65C} = {3CF550C5-436E-446E-BCE6-1D20AB24FB14}
		{A7490D9D-F73D-4BBA-A173-B8D7EF3401E2} = {3CF550C5-436E-446E-BCE6-1D20AB24FB14}
		{8539E16E-99FD-4988-B348-054D2037C4BC} = {E897A8B8-6EA9-4401-BBD7-8CBB3825E2EC}
		{2A3BF0A8-16E7-4275-B6B8-A84E1C567372} = {E897A8B8-6EA9-4401-BBD7-8CBB3825E2EC}
		{A9A2A760-F6AB-4739-BDED-028DF7BEDDBE} = {E897A8B8-6EA9-4401-BBD7-8CBB3825E2EC}
		{55FEEEDC-4BFF-4EB1-BB7D-BBD64076F5C0} = {E897A8B8-6EA9-4401-BBD7-8CBB3825E2EC}
		{4C23B03C-C32A-46E8-9BA2-DC0F67BF0EB8} = {5BAD27BC-A85D-4BB4-8CB5-3168CD3F213A}
	EndGlobalSection
	GlobalSection(ExtensibilityGlobals) = postSolution
		SolutionGuid = {C90C0C90-62E1-46FF-B129-CC7E986D5BB4}
	EndGlobalSection
EndGlobal
